NeoBundleLock caw.vim 8b21e9abae22ccc850a8709b52dbf3939dbae864
NeoBundleLock neobundle.vim 8254c568723700a3885bf0ec3a1ec98410d3969c
NeoBundleLock syntastic 0bfac45565efa4e94364818b3b0cb2ee46826a0f
NeoBundleLock unite.vim e985350a9dfcea5b549cdbacf16f380bff240373
NeoBundleLock vim-easymotion f916d602a17dbcb6847ad071f85342c97c93bd80
NeoBundleLock vim-flake8 91818a7d5f5a0af5139e9adfedc9d00fa963e699
NeoBundleLock vim-fugitive b754bc2031f21a532c083dd0d072ba373bbe3a37
NeoBundleLock vim-json f5e3181d0b33a9c51377bb7ea8492feddca8b503
NeoBundleLock vim-quickrun 98889e1fc0f7136262c4dd7c312b82879df16486
